// !$*UTF8*$!
{
	archiveVersion = 1;
	classes = {
	};
	objectVersion = 46;
	objects = {

/* Begin PBXBuildFile section */
		8C4A07571AF2809100C1B031 /* AppDelegate.swift in Sources */ = {isa = PBXBuildFile; fileRef = 8C4A07561AF2809100C1B031 /* AppDelegate.swift */; };
		8C4A075E1AF2809100C1B031 /* Images.xcassets in Resources */ = {isa = PBXBuildFile; fileRef = 8C4A075D1AF2809100C1B031 /* Images.xcassets */; };
		8C4A07611AF2809100C1B031 /* LaunchScreen.xib in Resources */ = {isa = PBXBuildFile; fileRef = 8C4A075F1AF2809100C1B031 /* LaunchScreen.xib */; };
		8C4A076D1AF2809200C1B031 /* GraphingCalculatorTests.swift in Sources */ = {isa = PBXBuildFile; fileRef = 8C4A076C1AF2809200C1B031 /* GraphingCalculatorTests.swift */; };
		8C4A07781AF281A400C1B031 /* CalculatorViewController.swift in Sources */ = {isa = PBXBuildFile; fileRef = 8C4A07771AF281A400C1B031 /* CalculatorViewController.swift */; };
		8C4A077B1AF281C000C1B031 /* CalculatorBrain.swift in Sources */ = {isa = PBXBuildFile; fileRef = 8C4A077A1AF281C000C1B031 /* CalculatorBrain.swift */; };
		8C4A077D1AF2826000C1B031 /* Main.storyboard in Resources */ = {isa = PBXBuildFile; fileRef = 8C4A077C1AF2826000C1B031 /* Main.storyboard */; };
		8C4B74E51AF774B400C41420 /* GraphView.swift in Sources */ = {isa = PBXBuildFile; fileRef = 8C4B74E41AF774B400C41420 /* GraphView.swift */; };
		8C4B74E71AF7781300C41420 /* AxesDrawer.swift in Sources */ = {isa = PBXBuildFile; fileRef = 8C4B74E61AF7781300C41420 /* AxesDrawer.swift */; };
		8C4B74E91AF79B9D00C41420 /* GraphViewController.swift in Sources */ = {isa = PBXBuildFile; fileRef = 8C4B74E81AF79B9D00C41420 /* GraphViewController.swift */; };
/* End PBXBuildFile section */

/* Begin PBXContainerItemProxy section */
		8C4A07671AF2809200C1B031 /* PBXContainerItemProxy */ = {
			isa = PBXContainerItemProxy;
			containerPortal = 8C4A07491AF2809100C1B031 /* Project object */;
			proxyType = 1;
			remoteGlobalIDString = 8C4A07501AF2809100C1B031;
			remoteInfo = GraphingCalculator;
		};
/* End PBXContainerItemProxy section */

/* Begin PBXFileReference section */
		8C4A07511AF2809100C1B031 /* GraphingCalculator.app */ = {isa = PBXFileReference; explicitFileType = wrapper.application; includeInIndex = 0; path = GraphingCalculator.app; sourceTree = BUILT_PRODUCTS_DIR; };
		8C4A07551AF2809100C1B031 /* Info.plist */ = {isa = PBXFileReference; lastKnownFileType = text.plist.xml; path = Info.plist; sourceTree = "<group>"; };
		8C4A07561AF2809100C1B031 /* AppDelegate.swift */ = {isa = PBXFileReference; lastKnownFileType = sourcecode.swift; path = AppDelegate.swift; sourceTree = "<group>"; };
		8C4A075D1AF2809100C1B031 /* Images.xcassets */ = {isa = PBXFileReference; lastKnownFileType = folder.assetcatalog; path = Images.xcassets; sourceTree = "<group>"; };
		8C4A07601AF2809100C1B031 /* Base */ = {isa = PBXFileReference; lastKnownFileType = file.xib; name = Base; path = Base.lproj/LaunchScreen.xib; sourceTree = "<group>"; };
		8C4A07661AF2809200C1B031 /* GraphingCalculatorTests.xctest */ = {isa = PBXFileReference; explicitFileType = wrapper.cfbundle; includeInIndex = 0; path = GraphingCalculatorTests.xctest; sourceTree = BUILT_PRODUCTS_DIR; };
		8C4A076B1AF2809200C1B031 /* Info.plist */ = {isa = PBXFileReference; lastKnownFileType = text.plist.xml; path = Info.plist; sourceTree = "<group>"; };
		8C4A076C1AF2809200C1B031 /* GraphingCalculatorTests.swift */ = {isa = PBXFileReference; lastKnownFileType = sourcecode.swift; path = GraphingCalculatorTests.swift; sourceTree = "<group>"; };
		8C4A07771AF281A400C1B031 /* CalculatorViewController.swift */ = {isa = PBXFileReference; fileEncoding = 4; lastKnownFileType = sourcecode.swift; path = CalculatorViewController.swift; sourceTree = "<group>"; };
		8C4A077A1AF281C000C1B031 /* CalculatorBrain.swift */ = {isa = PBXFileReference; fileEncoding = 4; lastKnownFileType = sourcecode.swift; path = CalculatorBrain.swift; sourceTree = "<group>"; };
		8C4A077C1AF2826000C1B031 /* Main.storyboard */ = {isa = PBXFileReference; fileEncoding = 4; lastKnownFileType = file.storyboard; path = Main.storyboard; sourceTree = "<group>"; };
		8C4B74E41AF774B400C41420 /* GraphView.swift */ = {isa = PBXFileReference; fileEncoding = 4; lastKnownFileType = sourcecode.swift; path = GraphView.swift; sourceTree = "<group>"; };
		8C4B74E61AF7781300C41420 /* AxesDrawer.swift */ = {isa = PBXFileReference; fileEncoding = 4; lastKnownFileType = sourcecode.swift; path = AxesDrawer.swift; sourceTree = "<group>"; };
		8C4B74E81AF79B9D00C41420 /* GraphViewController.swift */ = {isa = PBXFileReference; fileEncoding = 4; lastKnownFileType = sourcecode.swift; path = GraphViewController.swift; sourceTree = "<group>"; };
/* End PBXFileReference section */

/* Begin PBXFrameworksBuildPhase section */
		8C4A074E1AF2809100C1B031 /* Frameworks */ = {
			isa = PBXFrameworksBuildPhase;
			buildActionMask = 2147483647;
			files = (
			);
			runOnlyForDeploymentPostprocessing = 0;
		};
		8C4A07631AF2809200C1B031 /* Frameworks */ = {
			isa = PBXFrameworksBuildPhase;
			buildActionMask = 2147483647;
			files = (
			);
			runOnlyForDeploymentPostprocessing = 0;
		};
/* End PBXFrameworksBuildPhase section */

/* Begin PBXGroup section */
		8C4A07481AF2809100C1B031 = {
			isa = PBXGroup;
			children = (
				8C4A07531AF2809100C1B031 /* GraphingCalculator */,
				8C4A07691AF2809200C1B031 /* GraphingCalculatorTests */,
				8C4A07521AF2809100C1B031 /* Products */,
			);
			sourceTree = "<group>";
		};
		8C4A07521AF2809100C1B031 /* Products */ = {
			isa = PBXGroup;
			children = (
				8C4A07511AF2809100C1B031 /* GraphingCalculator.app */,
				8C4A07661AF2809200C1B031 /* GraphingCalculatorTests.xctest */,
			);
			name = Products;
			sourceTree = "<group>";
		};
		8C4A07531AF2809100C1B031 /* GraphingCalculator */ = {
			isa = PBXGroup;
			children = (
				8C4A077C1AF2826000C1B031 /* Main.storyboard */,
				8C4A07791AF281AE00C1B031 /* Library */,
				8C4A07761AF2818700C1B031 /* Controllers */,
				8C4A077E1AF285FC00C1B031 /* Views */,
				8C4A07541AF2809100C1B031 /* Supporting Files */,
			);
			path = GraphingCalculator;
			sourceTree = "<group>";
		};
		8C4A07541AF2809100C1B031 /* Supporting Files */ = {
			isa = PBXGroup;
			children = (
				8C4A07561AF2809100C1B031 /* AppDelegate.swift */,
				8C4A075D1AF2809100C1B031 /* Images.xcassets */,
				8C4A075F1AF2809100C1B031 /* LaunchScreen.xib */,
				8C4A07551AF2809100C1B031 /* Info.plist */,
			);
			name = "Supporting Files";
			sourceTree = "<group>";
		};
		8C4A07691AF2809200C1B031 /* GraphingCalculatorTests */ = {
			isa = PBXGroup;
			children = (
				8C4A076C1AF2809200C1B031 /* GraphingCalculatorTests.swift */,
				8C4A076A1AF2809200C1B031 /* Supporting Files */,
			);
			path = GraphingCalculatorTests;
			sourceTree = "<group>";
		};
		8C4A076A1AF2809200C1B031 /* Supporting Files */ = {
			isa = PBXGroup;
			children = (
				8C4A076B1AF2809200C1B031 /* Info.plist */,
			);
			name = "Supporting Files";
			sourceTree = "<group>";
		};
		8C4A07761AF2818700C1B031 /* Controllers */ = {
			isa = PBXGroup;
			children = (
				8C4A07771AF281A400C1B031 /* CalculatorViewController.swift */,
				8C4B74E81AF79B9D00C41420 /* GraphViewController.swift */,
			);
			name = Controllers;
			sourceTree = "<group>";
		};
		8C4A07791AF281AE00C1B031 /* Library */ = {
			isa = PBXGroup;
			children = (
				8C4A077A1AF281C000C1B031 /* CalculatorBrain.swift */,
			);
			name = Library;
			sourceTree = "<group>";
		};
		8C4A077E1AF285FC00C1B031 /* Views */ = {
			isa = PBXGroup;
			children = (
				8C4B74E41AF774B400C41420 /* GraphView.swift */,
				8C4B74E61AF7781300C41420 /* AxesDrawer.swift */,
			);
			name = Views;
			sourceTree = "<group>";
		};
/* End PBXGroup section */

/* Begin PBXNativeTarget section */
		8C4A07501AF2809100C1B031 /* GraphingCalculator */ = {
			isa = PBXNativeTarget;
			buildConfigurationList = 8C4A07701AF2809200C1B031 /* Build configuration list for PBXNativeTarget "GraphingCalculator" */;
			buildPhases = (
				8C4A074D1AF2809100C1B031 /* Sources */,
				8C4A074E1AF2809100C1B031 /* Frameworks */,
				8C4A074F1AF2809100C1B031 /* Resources */,
			);
			buildRules = (
			);
			dependencies = (
			);
			name = GraphingCalculator;
			productName = GraphingCalculator;
			productReference = 8C4A07511AF2809100C1B031 /* GraphingCalculator.app */;
			productType = "com.apple.product-type.application";
		};
		8C4A07651AF2809200C1B031 /* GraphingCalculatorTests */ = {
			isa = PBXNativeTarget;
			buildConfigurationList = 8C4A07731AF2809200C1B031 /* Build configuration list for PBXNativeTarget "GraphingCalculatorTests" */;
			buildPhases = (
				8C4A07621AF2809200C1B031 /* Sources */,
				8C4A07631AF2809200C1B031 /* Frameworks */,
				8C4A07641AF2809200C1B031 /* Resources */,
			);
			buildRules = (
			);
			dependencies = (
				8C4A07681AF2809200C1B031 /* PBXTargetDependency */,
			);
			name = GraphingCalculatorTests;
			productName = GraphingCalculatorTests;
			productReference = 8C4A07661AF2809200C1B031 /* GraphingCalculatorTests.xctest */;
			productType = "com.apple.product-type.bundle.unit-test";
		};
/* End PBXNativeTarget section */

/* Begin PBXProject section */
		8C4A07491AF2809100C1B031 /* Project object */ = {
			isa = PBXProject;
			attributes = {
				LastUpgradeCheck = 0630;
				ORGANIZATIONNAME = "Rob Isenberg";
				TargetAttributes = {
					8C4A07501AF2809100C1B031 = {
						CreatedOnToolsVersion = 6.3;
					};
					8C4A07651AF2809200C1B031 = {
						CreatedOnToolsVersion = 6.3;
						TestTargetID = 8C4A07501AF2809100C1B031;
					};
				};
			};
			buildConfigurationList = 8C4A074C1AF2809100C1B031 /* Build configuration list for PBXProject "GraphingCalculator" */;
			compatibilityVersion = "Xcode 3.2";
			developmentRegion = English;
			hasScannedForEncodings = 0;
			knownRegions = (
				en,
				Base,
			);
			mainGroup = 8C4A07481AF2809100C1B031;
			productRefGroup = 8C4A07521AF2809100C1B031 /* Products */;
			projectDirPath = "";
			projectRoot = "";
			targets = (
				8C4A07501AF2809100C1B031 /* GraphingCalculator */,
				8C4A07651AF2809200C1B031 /* GraphingCalculatorTests */,
			);
		};
/* End PBXProject section */

/* Begin PBXResourcesBuildPhase section */
		8C4A074F1AF2809100C1B031 /* Resources */ = {
			isa = PBXResourcesBuildPhase;
			buildActionMask = 2147483647;
			files = (
				8C4A077D1AF2826000C1B031 /* Main.storyboard in Resources */,
				8C4A07611AF2809100C1B031 /* LaunchScreen.xib in Resources */,
				8C4A075E1AF2809100C1B031 /* Images.xcassets in Resources */,
			);
			runOnlyForDeploymentPostprocessing = 0;
		};
		8C4A07641AF2809200C1B031 /* Resources */ = {
			isa = PBXResourcesBuildPhase;
			buildActionMask = 2147483647;
			files = (
			);
			runOnlyForDeploymentPostprocessing = 0;
		};
/* End PBXResourcesBuildPhase section */

/* Begin PBXSourcesBuildPhase section */
		8C4A074D1AF2809100C1B031 /* Sources */ = {
			isa = PBXSourcesBuildPhase;
			buildActionMask = 2147483647;
			files = (
				8C4A077B1AF281C000C1B031 /* CalculatorBrain.swift in Sources */,
				8C4A07781AF281A400C1B031 /* CalculatorViewController.swift in Sources */,
				8C4B74E71AF7781300C41420 /* AxesDrawer.swift in Sources */,
				8C4B74E91AF79B9D00C41420 /* GraphViewController.swift in Sources */,
				8C4A07571AF2809100C1B031 /* AppDelegate.swift in Sources */,
				8C4B74E51AF774B400C41420 /* GraphView.swift in Sources */,
			);
			runOnlyForDeploymentPostprocessing = 0;
		};
		8C4A07621AF2809200C1B031 /* Sources */ = {
			isa = PBXSourcesBuildPhase;
			buildActionMask = 2147483647;
			files = (
				8C4A076D1AF2809200C1B031 /* GraphingCalculatorTests.swift in Sources */,
			);
			runOnlyForDeploymentPostprocessing = 0;
		};
/* End PBXSourcesBuildPhase section */

/* Begin PBXTargetDependency section */
		8C4A07681AF2809200C1B031 /* PBXTargetDependency */ = {
			isa = PBXTargetDependency;
			target = 8C4A07501AF2809100C1B031 /* GraphingCalculator */;
			targetProxy = 8C4A07671AF2809200C1B031 /* PBXContainerItemProxy */;
		};
/* End PBXTargetDependency section */

/* Begin PBXVariantGroup section */
		8C4A075F1AF2809100C1B031 /* LaunchScreen.xib */ = {
			isa = PBXVariantGroup;
			children = (
				8C4A07601AF2809100C1B031 /* Base */,
			);
			name = LaunchScreen.xib;
			sourceTree = "<group>";
		};
/* End PBXVariantGroup section */

/* Begin XCBuildConfiguration section */
		8C4A076E1AF2809200C1B031 /* Debug */ = {
			isa = XCBuildConfiguration;
			buildSettings = {
				ALWAYS_SEARCH_USER_PATHS = NO;
				CLANG_CXX_LANGUAGE_STANDARD = "gnu++0x";
				CLANG_CXX_LIBRARY = "libc++";
				CLANG_ENABLE_MODULES = YES;
				CLANG_ENABLE_OBJC_ARC = YES;
				CLANG_WARN_BOOL_CONVERSION = YES;
				CLANG_WARN_CONSTANT_CONVERSION = YES;
				CLANG_WARN_DIRECT_OBJC_ISA_USAGE = YES_ERROR;
				CLANG_WARN_EMPTY_BODY = YES;
				CLANG_WARN_ENUM_CONVERSION = YES;
				CLANG_WARN_INT_CONVERSION = YES;
				CLANG_WARN_OBJC_ROOT_CLASS = YES_ERROR;
				CLANG_WARN_UNREACHABLE_CODE = YES;
				CLANG_WARN__DUPLICATE_METHOD_MATCH = YES;
				"CODE_SIGN_IDENTITY[sdk=iphoneos*]" = "iPhone Developer";
				COPY_PHASE_STRIP = NO;
				DEBUG_INFORMATION_FORMAT = "dwarf-with-dsym";
				ENABLE_STRICT_OBJC_MSGSEND = YES;
				GCC_C_LANGUAGE_STANDARD = gnu99;
				GCC_DYNAMIC_NO_PIC = NO;
				GCC_NO_COMMON_BLOCKS = YES;
				GCC_OPTIMIZATION_LEVEL = 0;
				GCC_PREPROCESSOR_DEFINITIONS = (
					"DEBUG=1",
					"$(inherited)",
				);
				GCC_SYMBOLS_PRIVATE_EXTERN = NO;
				GCC_WARN_64_TO_32_BIT_CONVERSION = YES;
				GCC_WARN_ABOUT_RETURN_TYPE = YES_ERROR;
				GCC_WARN_UNDECLARED_SELECTOR = YES;
				GCC_WARN_UNINITIALIZED_AUTOS = YES_AGGRESSIVE;
				GCC_WARN_UNUSED_FUNCTION = YES;
				GCC_WARN_UNUSED_VARIABLE = YES;
				IPHONEOS_DEPLOYMENT_TARGET = 8.3;
				MTL_ENABLE_DEBUG_INFO = YES;
				ONLY_ACTIVE_ARCH = YES;
				SDKROOT = iphoneos;
				SWIFT_OPTIMIZATION_LEVEL = "-Onone";
				TARGETED_DEVICE_FAMILY = "1,2";
			};
			name = Debug;
		};
		8C4A076F1AF2809200C1B031 /* Release */ = {
			isa = XCBuildConfiguration;
			buildSettings = {
				ALWAYS_SEARCH_USER_PATHS = NO;
				CLANG_CXX_LANGUAGE_STANDARD = "gnu++0x";
				CLANG_CXX_LIBRARY = "libc++";
				CLANG_ENABLE_MODULES = YES;
				CLANG_ENABLE_OBJC_ARC = YES;
				CLANG_WARN_BOOL_CONVERSION = YES;
				CLANG_WARN_CONSTANT_CONVERSION = YES;
				CLANG_WARN_DIRECT_OBJC_ISA_USAGE = YES_ERROR;
				CLANG_WARN_EMPTY_BODY = YES;
				CLANG_WARN_ENUM_CONVERSION = YES;
				CLANG_WARN_INT_CONVERSION = YES;
				CLANG_WARN_OBJC_ROOT_CLASS = YES_ERROR;
				CLANG_WARN_UNREACHABLE_CODE = YES;
				CLANG_WARN__DUPLICATE_METHOD_MATCH = YES;
				"CODE_SIGN_IDENTITY[sdk=iphoneos*]" = "iPhone Developer";
				COPY_PHASE_STRIP = NO;
				DEBUG_INFORMATION_FORMAT = "dwarf-with-dsym";
				ENABLE_NS_ASSERTIONS = NO;
				ENABLE_STRICT_OBJC_MSGSEND = YES;
				GCC_C_LANGUAGE_STANDARD = gnu99;
				GCC_NO_COMMON_BLOCKS = YES;
				GCC_WARN_64_TO_32_BIT_CONVERSION = YES;
				GCC_WARN_ABOUT_RETURN_TYPE = YES_ERROR;
				GCC_WARN_UNDECLARED_SELECTOR = YES;
				GCC_WARN_UNINITIALIZED_AUTOS = YES_AGGRESSIVE;
				GCC_WARN_UNUSED_FUNCTION = YES;
				GCC_WARN_UNUSED_VARIABLE = YES;
				IPHONEOS_DEPLOYMENT_TARGET = 8.3;
				MTL_ENABLE_DEBUG_INFO = NO;
				SDKROOT = iphoneos;
				TARGETED_DEVICE_FAMILY = "1,2";
				VALIDATE_PRODUCT = YES;
			};
			name = Release;
		};
		8C4A07711AF2809200C1B031 /* Debug */ = {
			isa = XCBuildConfiguration;
			buildSettings = {
				ASSETCATALOG_COMPILER_APPICON_NAME = AppIcon;
				INFOPLIST_FILE = GraphingCalculator/Info.plist;
				LD_RUNPATH_SEARCH_PATHS = "$(inherited) @executable_path/Frameworks";
				PRODUCT_NAME = "$(TARGET_NAME)";
			};
			name = Debug;
		};
		8C4A07721AF2809200C1B031 /* Release */ = {
			isa = XCBuildConfiguration;
			buildSettings = {
				ASSETCATALOG_COMPILER_APPICON_NAME = AppIcon;
				INFOPLIST_FILE = GraphingCalculator/Info.plist;
				LD_RUNPATH_SEARCH_PATHS = "$(inherited) @executable_path/Frameworks";
				PRODUCT_NAME = "$(TARGET_NAME)";
			};
			name = Release;
		};
		8C4A07741AF2809200C1B031 /* Debug */ = {
			isa = XCBuildConfiguration;
			buildSettings = {
				BUNDLE_LOADER = "$(TEST_HOST)";
				FRAMEWORK_SEARCH_PATHS = (
					"$(SDKROOT)/Developer/Library/Frameworks",
					"$(inherited)",
				);
				GCC_PREPROCESSOR_DEFINITIONS = (
					"DEBUG=1",
					"$(inherited)",
				);
				INFOPLIST_FILE = GraphingCalculatorTests/Info.plist;
				LD_RUNPATH_SEARCH_PATHS = "$(inherited) @executable_path/Frameworks @loader_path/Frameworks";
				PRODUCT_NAME = "$(TARGET_NAME)";
				TEST_HOST = "$(BUILT_PRODUCTS_DIR)/GraphingCalculator.app/GraphingCalculator";
			};
			name = Debug;
		};
		8C4A07751AF2809200C1B031 /* Release */ = {
			isa = XCBuildConfiguration;
			buildSettings = {
				BUNDLE_LOADER = "$(TEST_HOST)";
				FRAMEWORK_SEARCH_PATHS = (
					"$(SDKROOT)/Developer/Library/Frameworks",
					"$(inherited)",
				);
				INFOPLIST_FILE = GraphingCalculatorTests/Info.plist;
				LD_RUNPATH_SEARCH_PATHS = "$(inherited) @executable_path/Frameworks @loader_path/Frameworks";
				PRODUCT_NAME = "$(TARGET_NAME)";
				TEST_HOST = "$(BUILT_PRODUCTS_DIR)/GraphingCalculator.app/GraphingCalculator";
			};
			name = Release;
		};
/* End XCBuildConfiguration section */

/* Begin XCConfigurationList section */
		8C4A074C1AF2809100C1B031 /* Build configuration list for PBXProject "GraphingCalculator" */ = {
			isa = XCConfigurationList;
			buildConfigurations = (
				8C4A076E1AF2809200C1B031 /* Debug */,
				8C4A076F1AF2809200C1B031 /* Release */,
			);
			defaultConfigurationIsVisible = 0;
			defaultConfigurationName = Release;
		};
		8C4A07701AF2809200C1B031 /* Build configuration list for PBXNativeTarget "GraphingCalculator" */ = {
			isa = XCConfigurationList;
			buildConfigurations = (
				8C4A07711AF2809200C1B031 /* Debug */,
				8C4A07721AF2809200C1B031 /* Release */,
			);
			defaultConfigurationIsVisible = 0;
			defaultConfigurationName = Release;
		};
		8C4A07731AF2809200C1B031 /* Build configuration list for PBXNativeTarget "GraphingCalculatorTests" */ = {
			isa = XCConfigurationList;
			buildConfigurations = (
				8C4A07741AF2809200C1B031 /* Debug */,
				8C4A07751AF2809200C1B031 /* Release */,
			);
			defaultConfigurationIsVisible = 0;
			defaultConfigurationName = Release;
		};
/* End XCConfigurationList section */
	};
	rootObject = 8C4A07491AF2809100C1B031 /* Project object */;
}
